// !$*UTF8*$!
{
	archiveVersion = 1;
	classes = {
	};
	objectVersion = 46;
	objects = {

/* Begin PBXBuildFile section */
		409335C91E19845C00F48799 /* ItemExtention.swift in Sources */ = {isa = PBXBuildFile; fileRef = 409335C81E19845C00F48799 /* ItemExtention.swift */; };
		409335CC1E1994E500F48799 /* MaterialView.swift in Sources */ = {isa = PBXBuildFile; fileRef = 409335CB1E1994E500F48799 /* MaterialView.swift */; };
		409335CE1E19ACD800F48799 /* ItemCell.swift in Sources */ = {isa = PBXBuildFile; fileRef = 409335CD1E19ACD800F48799 /* ItemCell.swift */; };
		40C50A201E1C554200FD14A7 /* CustomTextField.swift in Sources */ = {isa = PBXBuildFile; fileRef = 40C50A1F1E1C554200FD14A7 /* CustomTextField.swift */; };
		40C50A231E1C5A6C00FD14A7 /* ItemDetailsVC.swift in Sources */ = {isa = PBXBuildFile; fileRef = 40C50A221E1C5A6C00FD14A7 /* ItemDetailsVC.swift */; };
		40F87B691DD8F74500B7D0D7 /* AppDelegate.swift in Sources */ = {isa = PBXBuildFile; fileRef = 40F87B681DD8F74500B7D0D7 /* AppDelegate.swift */; };
		40F87B6B1DD8F74500B7D0D7 /* MainVC.swift in Sources */ = {isa = PBXBuildFile; fileRef = 40F87B6A1DD8F74500B7D0D7 /* MainVC.swift */; };
		40F87B6E1DD8F74500B7D0D7 /* Main.storyboard in Resources */ = {isa = PBXBuildFile; fileRef = 40F87B6C1DD8F74500B7D0D7 /* Main.storyboard */; };
		40F87B711DD8F74500B7D0D7 /* DreamLister.xcdatamodeld in Sources */ = {isa = PBXBuildFile; fileRef = 40F87B6F1DD8F74500B7D0D7 /* DreamLister.xcdatamodeld */; };
		40F87B731DD8F74500B7D0D7 /* Assets.xcassets in Resources */ = {isa = PBXBuildFile; fileRef = 40F87B721DD8F74500B7D0D7 /* Assets.xcassets */; };
		40F87B761DD8F74500B7D0D7 /* LaunchScreen.storyboard in Resources */ = {isa = PBXBuildFile; fileRef = 40F87B741DD8F74500B7D0D7 /* LaunchScreen.storyboard */; };
/* End PBXBuildFile section */

/* Begin PBXFileReference section */
		409335C81E19845C00F48799 /* ItemExtention.swift */ = {isa = PBXFileReference; fileEncoding = 4; lastKnownFileType = sourcecode.swift; path = ItemExtention.swift; sourceTree = "<group>"; };
		409335CB1E1994E500F48799 /* MaterialView.swift */ = {isa = PBXFileReference; fileEncoding = 4; lastKnownFileType = sourcecode.swift; path = MaterialView.swift; sourceTree = "<group>"; };
		409335CD1E19ACD800F48799 /* ItemCell.swift */ = {isa = PBXFileReference; fileEncoding = 4; lastKnownFileType = sourcecode.swift; path = ItemCell.swift; sourceTree = "<group>"; };
		40C50A1F1E1C554200FD14A7 /* CustomTextField.swift */ = {isa = PBXFileReference; fileEncoding = 4; lastKnownFileType = sourcecode.swift; path = CustomTextField.swift; sourceTree = "<group>"; };
		40C50A221E1C5A6C00FD14A7 /* ItemDetailsVC.swift */ = {isa = PBXFileReference; fileEncoding = 4; lastKnownFileType = sourcecode.swift; path = ItemDetailsVC.swift; sourceTree = "<group>"; };
		40F87B651DD8F74500B7D0D7 /* DreamLister.app */ = {isa = PBXFileReference; explicitFileType = wrapper.application; includeInIndex = 0; path = DreamLister.app; sourceTree = BUILT_PRODUCTS_DIR; };
		40F87B681DD8F74500B7D0D7 /* AppDelegate.swift */ = {isa = PBXFileReference; lastKnownFileType = sourcecode.swift; path = AppDelegate.swift; sourceTree = "<group>"; };
		40F87B6A1DD8F74500B7D0D7 /* MainVC.swift */ = {isa = PBXFileReference; lastKnownFileType = sourcecode.swift; path = MainVC.swift; sourceTree = "<group>"; };
		40F87B6D1DD8F74500B7D0D7 /* Base */ = {isa = PBXFileReference; lastKnownFileType = file.storyboard; name = Base; path = Base.lproj/Main.storyboard; sourceTree = "<group>"; };
		40F87B701DD8F74500B7D0D7 /* DreamLister.xcdatamodel */ = {isa = PBXFileReference; lastKnownFileType = wrapper.xcdatamodel; path = DreamLister.xcdatamodel; sourceTree = "<group>"; };
		40F87B721DD8F74500B7D0D7 /* Assets.xcassets */ = {isa = PBXFileReference; lastKnownFileType = folder.assetcatalog; path = Assets.xcassets; sourceTree = "<group>"; };
		40F87B751DD8F74500B7D0D7 /* Base */ = {isa = PBXFileReference; lastKnownFileType = file.storyboard; name = Base; path = Base.lproj/LaunchScreen.storyboard; sourceTree = "<group>"; };
		40F87B771DD8F74500B7D0D7 /* Info.plist */ = {isa = PBXFileReference; lastKnownFileType = text.plist.xml; path = Info.plist; sourceTree = "<group>"; };
/* End PBXFileReference section */

/* Begin PBXFrameworksBuildPhase section */
		40F87B621DD8F74500B7D0D7 /* Frameworks */ = {
			isa = PBXFrameworksBuildPhase;
			buildActionMask = 2147483647;
			files = (
			);
			runOnlyForDeploymentPostprocessing = 0;
		};
/* End PBXFrameworksBuildPhase section */

/* Begin PBXGroup section */
		409335CA1E1994BF00F48799 /* View */ = {
			isa = PBXGroup;
			children = (
				40C50A1F1E1C554200FD14A7 /* CustomTextField.swift */,
				409335CB1E1994E500F48799 /* MaterialView.swift */,
				409335CD1E19ACD800F48799 /* ItemCell.swift */,
			);
			name = View;
			sourceTree = "<group>";
		};
		40C50A211E1C59E900FD14A7 /* Controller */ = {
			isa = PBXGroup;
			children = (
				40F87B6A1DD8F74500B7D0D7 /* MainVC.swift */,
				40C50A221E1C5A6C00FD14A7 /* ItemDetailsVC.swift */,
			);
			name = Controller;
			sourceTree = "<group>";
		};
		40F87B5C1DD8F74500B7D0D7 = {
			isa = PBXGroup;
			children = (
				40F87B671DD8F74500B7D0D7 /* DreamLister */,
				40F87B661DD8F74500B7D0D7 /* Products */,
			);
			sourceTree = "<group>";
		};
		40F87B661DD8F74500B7D0D7 /* Products */ = {
			isa = PBXGroup;
			children = (
				40F87B651DD8F74500B7D0D7 /* DreamLister.app */,
			);
			name = Products;
			sourceTree = "<group>";
		};
		40F87B671DD8F74500B7D0D7 /* DreamLister */ = {
			isa = PBXGroup;
			children = (
				40F87B8D1DD8FC6500B7D0D7 /* Model */,
				409335CA1E1994BF00F48799 /* View */,
				40C50A211E1C59E900FD14A7 /* Controller */,
				40F87B681DD8F74500B7D0D7 /* AppDelegate.swift */,
				40F87B6C1DD8F74500B7D0D7 /* Main.storyboard */,
				40F87B721DD8F74500B7D0D7 /* Assets.xcassets */,
				40F87B741DD8F74500B7D0D7 /* LaunchScreen.storyboard */,
				40F87B771DD8F74500B7D0D7 /* Info.plist */,
				40F87B6F1DD8F74500B7D0D7 /* DreamLister.xcdatamodeld */,
			);
			path = DreamLister;
			sourceTree = "<group>";
		};
		40F87B8D1DD8FC6500B7D0D7 /* Model */ = {
			isa = PBXGroup;
			children = (
				409335C81E19845C00F48799 /* ItemExtention.swift */,
			);
			name = Model;
			sourceTree = "<group>";
		};
/* End PBXGroup section */

/* Begin PBXNativeTarget section */
		40F87B641DD8F74500B7D0D7 /* DreamLister */ = {
			isa = PBXNativeTarget;
			buildConfigurationList = 40F87B7A1DD8F74500B7D0D7 /* Build configuration list for PBXNativeTarget "DreamLister" */;
			buildPhases = (
				40F87B611DD8F74500B7D0D7 /* Sources */,
				40F87B621DD8F74500B7D0D7 /* Frameworks */,
				40F87B631DD8F74500B7D0D7 /* Resources */,
			);
			buildRules = (
			);
			dependencies = (
			);
			name = DreamLister;
			productName = DreamLister;
			productReference = 40F87B651DD8F74500B7D0D7 /* DreamLister.app */;
			productType = "com.apple.product-type.application";
		};
/* End PBXNativeTarget section */

/* Begin PBXProject section */
		40F87B5D1DD8F74500B7D0D7 /* Project object */ = {
			isa = PBXProject;
			attributes = {
				LastSwiftUpdateCheck = 0810;
				LastUpgradeCheck = 0820;
				ORGANIZATIONNAME = "Mostafijur Rahaman";
				TargetAttributes = {
					40F87B641DD8F74500B7D0D7 = {
						CreatedOnToolsVersion = 8.1;
						DevelopmentTeam = QMBE7G4PQJ;
						ProvisioningStyle = Automatic;
					};
				};
			};
			buildConfigurationList = 40F87B601DD8F74500B7D0D7 /* Build configuration list for PBXProject "DreamLister" */;
			compatibilityVersion = "Xcode 3.2";
			developmentRegion = English;
			hasScannedForEncodings = 0;
			knownRegions = (
				en,
				Base,
			);
			mainGroup = 40F87B5C1DD8F74500B7D0D7;
			productRefGroup = 40F87B661DD8F74500B7D0D7 /* Products */;
			projectDirPath = "";
			projectRoot = "";
			targets = (
				40F87B641DD8F74500B7D0D7 /* DreamLister */,
			);
		};
/* End PBXProject section */

/* Begin PBXResourcesBuildPhase section */
		40F87B631DD8F74500B7D0D7 /* Resources */ = {
			isa = PBXResourcesBuildPhase;
			buildActionMask = 2147483647;
			files = (
				40F87B761DD8F74500B7D0D7 /* LaunchScreen.storyboard in Resources */,
				40F87B731DD8F74500B7D0D7 /* Assets.xcassets in Resources */,
				40F87B6E1DD8F74500B7D0D7 /* Main.storyboard in Resources */,
			);
			runOnlyForDeploymentPostprocessing = 0;
		};
/* End PBXResourcesBuildPhase section */

/* Begin PBXSourcesBuildPhase section */
		40F87B611DD8F74500B7D0D7 /* Sources */ = {
			isa = PBXSourcesBuildPhase;
			buildActionMask = 2147483647;
			files = (
				40C50A201E1C554200FD14A7 /* CustomTextField.swift in Sources */,
				40F87B6B1DD8F74500B7D0D7 /* MainVC.swift in Sources */,
				40F87B691DD8F74500B7D0D7 /* AppDelegate.swift in Sources */,
				409335CE1E19ACD800F48799 /* ItemCell.swift in Sources */,
				40C50A231E1C5A6C00FD14A7 /* ItemDetailsVC.swift in Sources */,
				409335CC1E1994E500F48799 /* MaterialView.swift in Sources */,
				40F87B711DD8F74500B7D0D7 /* DreamLister.xcdatamodeld in Sources */,
				409335C91E19845C00F48799 /* ItemExtention.swift in Sources */,
			);
			runOnlyForDeploymentPostprocessing = 0;
		};
/* End PBXSourcesBuildPhase section */

/* Begin PBXVariantGroup section */
		40F87B6C1DD8F74500B7D0D7 /* Main.storyboard */ = {
			isa = PBXVariantGroup;
			children = (
				40F87B6D1DD8F74500B7D0D7 /* Base */,
			);
			name = Main.storyboard;
			sourceTree = "<group>";
		};
		40F87B741DD8F74500B7D0D7 /* LaunchScreen.storyboard */ = {
			isa = PBXVariantGroup;
			children = (
				40F87B751DD8F74500B7D0D7 /* Base */,
			);
			name = LaunchScreen.storyboard;
			sourceTree = "<group>";
		};
/* End PBXVariantGroup section */

/* Begin XCBuildConfiguration section */
		40F87B781DD8F74500B7D0D7 /* Debug */ = {
			isa = XCBuildConfiguration;
			buildSettings = {
				ALWAYS_SEARCH_USER_PATHS = NO;
				CLANG_ANALYZER_NONNULL = YES;
				CLANG_CXX_LANGUAGE_STANDARD = "gnu++0x";
				CLANG_CXX_LIBRARY = "libc++";
				CLANG_ENABLE_MODULES = YES;
				CLANG_ENABLE_OBJC_ARC = YES;
				CLANG_WARN_BOOL_CONVERSION = YES;
				CLANG_WARN_CONSTANT_CONVERSION = YES;
				CLANG_WARN_DIRECT_OBJC_ISA_USAGE = YES_ERROR;
				CLANG_WARN_DOCUMENTATION_COMMENTS = YES;
				CLANG_WARN_EMPTY_BODY = YES;
				CLANG_WARN_ENUM_CONVERSION = YES;
				CLANG_WARN_INFINITE_RECURSION = YES;
				CLANG_WARN_INT_CONVERSION = YES;
				CLANG_WARN_OBJC_ROOT_CLASS = YES_ERROR;
				CLANG_WARN_SUSPICIOUS_MOVE = YES;
				CLANG_WARN_SUSPICIOUS_MOVES = YES;
				CLANG_WARN_UNREACHABLE_CODE = YES;
				CLANG_WARN__DUPLICATE_METHOD_MATCH = YES;
				"CODE_SIGN_IDENTITY[sdk=iphoneos*]" = "iPhone Developer";
				COPY_PHASE_STRIP = NO;
				DEBUG_INFORMATION_FORMAT = dwarf;
				ENABLE_STRICT_OBJC_MSGSEND = YES;
				ENABLE_TESTABILITY = YES;
				GCC_C_LANGUAGE_STANDARD = gnu99;
				GCC_DYNAMIC_NO_PIC = NO;
				GCC_NO_COMMON_BLOCKS = YES;
				GCC_OPTIMIZATION_LEVEL = 0;
				GCC_PREPROCESSOR_DEFINITIONS = (
					"DEBUG=1",
					"$(inherited)",
				);
				GCC_WARN_64_TO_32_BIT_CONVERSION = YES;
				GCC_WARN_ABOUT_RETURN_TYPE = YES_ERROR;
				GCC_WARN_UNDECLARED_SELECTOR = YES;
				GCC_WARN_UNINITIALIZED_AUTOS = YES_AGGRESSIVE;
				GCC_WARN_UNUSED_FUNCTION = YES;
				GCC_WARN_UNUSED_VARIABLE = YES;
				IPHONEOS_DEPLOYMENT_TARGET = 10.1;
				MTL_ENABLE_DEBUG_INFO = YES;
				ONLY_ACTIVE_ARCH = YES;
				SDKROOT = iphoneos;
				SWIFT_ACTIVE_COMPILATION_CONDITIONS = DEBUG;
				SWIFT_OPTIMIZATION_LEVEL = "-Onone";
				TARGETED_DEVICE_FAMILY = "1,2";
			};
			name = Debug;
		};
		40F87B791DD8F74500B7D0D7 /* Release */ = {
			isa = XCBuildConfiguration;
			buildSettings = {
				ALWAYS_SEARCH_USER_PATHS = NO;
				CLANG_ANALYZER_NONNULL = YES;
				CLANG_CXX_LANGUAGE_STANDARD = "gnu++0x";
				CLANG_CXX_LIBRARY = "libc++";
				CLANG_ENABLE_MODULES = YES;
				CLANG_ENABLE_OBJC_ARC = YES;
				CLANG_WARN_BOOL_CONVERSION = YES;
				CLANG_WARN_CONSTANT_CONVERSION = YES;
				CLANG_WARN_DIRECT_OBJC_ISA_USAGE = YES_ERROR;
				CLANG_WARN_DOCUMENTATION_COMMENTS = YES;
				CLANG_WARN_EMPTY_BODY = YES;
				CLANG_WARN_ENUM_CONVERSION = YES;
				CLANG_WARN_INFINITE_RECURSION = YES;
				CLANG_WARN_INT_CONVERSION = YES;
				CLANG_WARN_OBJC_ROOT_CLASS = YES_ERROR;
				CLANG_WARN_SUSPICIOUS_MOVE = YES;
				CLANG_WARN_SUSPICIOUS_MOVES = YES;
				CLANG_WARN_UNREACHABLE_CODE = YES;
				CLANG_WARN__DUPLICATE_METHOD_MATCH = YES;
				"CODE_SIGN_IDENTITY[sdk=iphoneos*]" = "iPhone Developer";
				COPY_PHASE_STRIP = NO;
				DEBUG_INFORMATION_FORMAT = "dwarf-with-dsym";
				ENABLE_NS_ASSERTIONS = NO;
				ENABLE_STRICT_OBJC_MSGSEND = YES;
				GCC_C_LANGUAGE_STANDARD = gnu99;
				GCC_NO_COMMON_BLOCKS = YES;
				GCC_WARN_64_TO_32_BIT_CONVERSION = YES;
				GCC_WARN_ABOUT_RETURN_TYPE = YES_ERROR;
				GCC_WARN_UNDECLARED_SELECTOR = YES;
				GCC_WARN_UNINITIALIZED_AUTOS = YES_AGGRESSIVE;
				GCC_WARN_UNUSED_FUNCTION = YES;
				GCC_WARN_UNUSED_VARIABLE = YES;
				IPHONEOS_DEPLOYMENT_TARGET = 10.1;
				MTL_ENABLE_DEBUG_INFO = NO;
				SDKROOT = iphoneos;
				SWIFT_OPTIMIZATION_LEVEL = "-Owholemodule";
				TARGETED_DEVICE_FAMILY = "1,2";
				VALIDATE_PRODUCT = YES;
			};
			name = Release;
		};
		40F87B7B1DD8F74500B7D0D7 /* Debug */ = {
			isa = XCBuildConfiguration;
			buildSettings = {
				ASSETCATALOG_COMPILER_APPICON_NAME = AppIcon;
				DEVELOPMENT_TEAM = QMBE7G4PQJ;
				INFOPLIST_FILE = DreamLister/Info.plist;
				LD_RUNPATH_SEARCH_PATHS = "$(inherited) @executable_path/Frameworks";
				PRODUCT_BUNDLE_IDENTIFIER = net.blindcoder.DreamLister;
				PRODUCT_NAME = "$(TARGET_NAME)";
				SWIFT_VERSION = 3.0;
			};
			name = Debug;
		};
		40F87B7C1DD8F74500B7D0D7 /* Release */ = {
			isa = XCBuildConfiguration;
			buildSettings = {
				ASSETCATALOG_COMPILER_APPICON_NAME = AppIcon;
				DEVELOPMENT_TEAM = QMBE7G4PQJ;
				INFOPLIST_FILE = DreamLister/Info.plist;
				LD_RUNPATH_SEARCH_PATHS = "$(inherited) @executable_path/Frameworks";
				PRODUCT_BUNDLE_IDENTIFIER = net.blindcoder.DreamLister;
				PRODUCT_NAME = "$(TARGET_NAME)";
				SWIFT_VERSION = 3.0;
			};
			name = Release;
		};
/* End XCBuildConfiguration section */

/* Begin XCConfigurationList section */
		40F87B601DD8F74500B7D0D7 /* Build configuration list for PBXProject "DreamLister" */ = {
			isa = XCConfigurationList;
			buildConfigurations = (
				40F87B781DD8F74500B7D0D7 /* Debug */,
				40F87B791DD8F74500B7D0D7 /* Release */,
			);
			defaultConfigurationIsVisible = 0;
			defaultConfigurationName = Release;
		};
		40F87B7A1DD8F74500B7D0D7 /* Build configuration list for PBXNativeTarget "DreamLister" */ = {
			isa = XCConfigurationList;
			buildConfigurations = (
				40F87B7B1DD8F74500B7D0D7 /* Debug */,
				40F87B7C1DD8F74500B7D0D7 /* Release */,
			);
			defaultConfigurationIsVisible = 0;
			defaultConfigurationName = Release;
		};
/* End XCConfigurationList section */

/* Begin XCVersionGroup section */
		40F87B6F1DD8F74500B7D0D7 /* DreamLister.xcdatamodeld */ = {
			isa = XCVersionGroup;
			children = (
				40F87B701DD8F74500B7D0D7 /* DreamLister.xcdatamodel */,
			);
			currentVersion = 40F87B701DD8F74500B7D0D7 /* DreamLister.xcdatamodel */;
			path = DreamLister.xcdatamodeld;
			sourceTree = "<group>";
			versionGroupType = wrapper.xcdatamodel;
		};
/* End XCVersionGroup section */
	};
	rootObject = 40F87B5D1DD8F74500B7D0D7 /* Project object */;
}
